
Microsoft Visual Studio Solution File, Format Version 12.00
# Visual Studio Version 17
VisualStudioVersion = 17.1.32210.238
MinimumVisualStudioVersion = 10.0.40219.1
Project("{2150E333-8FDC-42A3-9474-1A3956D46DE8}") = "Tests", "Tests", "{D3253E47-228E-4C58-930E-A26849AEC371}"
EndProject
Project("{2150E333-8FDC-42A3-9474-1A3956D46DE8}") = "Solution Items", "Solution Items", "{CB59DC8C-5A87-4E74-B1E2-AE89E9D3B1FD}"
	ProjectSection(SolutionItems) = preProject
		.editorconfig = .editorconfig
		appveyor.yml = appveyor.yml
		AUTHORS = AUTHORS
		Changelog = Changelog
		Changelog.txt = Changelog.txt
		COPYING = COPYING
		pcsc-sharp.snk = pcsc-sharp.snk
		README.md = README.md
	EndProjectSection
EndProject
Project("{9A19103F-16F7-4668-BE54-9A1E7A4F7556}") = "PCSC", "src\PCSC\PCSC.csproj", "{D0BC6275-C71B-4987-A28D-F9E9BDA861E7}"
EndProject
Project("{9A19103F-16F7-4668-BE54-9A1E7A4F7556}") = "PCSC.Reactive", "src\PCSC.Reactive\PCSC.Reactive.csproj", "{E7386160-84F7-4C8B-B7B4-26D4C5183CBB}"
EndProject
Project("{9A19103F-16F7-4668-BE54-9A1E7A4F7556}") = "PCSC.Iso7816", "src\PCSC.Iso7816\PCSC.Iso7816.csproj", "{2A3A97C8-8EA0-4F31-8F28-4C97B912BD58}"
EndProject
Project("{2150E333-8FDC-42A3-9474-1A3956D46DE8}") = "Examples", "Examples", "{6BF4E324-5AC6-49E6-9447-81C138441ED5}"
EndProject
Project("{9A19103F-16F7-4668-BE54-9A1E7A4F7556}") = "ListReaders", "Examples\ListReaders\ListReaders.csproj", "{EDDC4555-68B5-42EA-B7BD-96A752E0B3AC}"
EndProject
Project("{9A19103F-16F7-4668-BE54-9A1E7A4F7556}") = "GetReaderAttrib", "Examples\GetReaderAttrib\GetReaderAttrib.csproj", "{E09639D8-EB1D-4400-A1B4-33D5FDF61327}"
EndProject
Project("{9A19103F-16F7-4668-BE54-9A1E7A4F7556}") = "CardStatus", "Examples\CardStatus\CardStatus.csproj", "{53AAF4C6-0079-47B3-98A7-A8B936144771}"
EndProject
Project("{9A19103F-16F7-4668-BE54-9A1E7A4F7556}") = "ConnectedReaderStatus", "Examples\ConnectedReaderStatus\ConnectedReaderStatus.csproj", "{D177555F-1D79-4A8D-B22B-38D5DBC501C1}"
EndProject
Project("{9A19103F-16F7-4668-BE54-9A1E7A4F7556}") = "MonitorDeviceEvents", "Examples\MonitorDeviceEvents\MonitorDeviceEvents.csproj", "{C0BA8892-312B-4D1A-9295-A7E5E75EFB64}"
EndProject
Project("{9A19103F-16F7-4668-BE54-9A1E7A4F7556}") = "MonitorDeviceEventsNative", "Examples\MonitorDeviceEventsNative\MonitorDeviceEventsNative.csproj", "{1D278DF1-838E-4A88-8968-3E261F26E2CA}"
EndProject
Project("{9A19103F-16F7-4668-BE54-9A1E7A4F7556}") = "MonitorReaderEvents", "Examples\MonitorReaderEvents\MonitorReaderEvents.csproj", "{083E18E3-B011-4345-B514-55B3660F3613}"
EndProject
Project("{9A19103F-16F7-4668-BE54-9A1E7A4F7556}") = "ReaderStatus", "Examples\ReaderStatus\ReaderStatus.csproj", "{EDA5E7D3-40EF-42A8-BCA5-F74050B4A16F}"
EndProject
Project("{2150E333-8FDC-42A3-9474-1A3956D46DE8}") = "ISO7816-4", "ISO7816-4", "{4D886F03-68C7-4F61-98EC-7ABD4CECCC92}"
EndProject
Project("{9A19103F-16F7-4668-BE54-9A1E7A4F7556}") = "Transmit", "Examples\ISO7816-4\Transmit\Transmit.csproj", "{2ED150F0-69B0-4919-B818-A2949A946070}"
EndProject
Project("{9A19103F-16F7-4668-BE54-9A1E7A4F7556}") = "Mifare1kTest", "Examples\ISO7816-4\Mifare1kTest\Mifare1kTest.csproj", "{966282DC-70B4-45F5-8FF7-41C49B768C28}"
EndProject
Project("{9A19103F-16F7-4668-BE54-9A1E7A4F7556}") = "ApduTest.GET_CHALLENGE", "Examples\ISO7816-4\ApduTest.GET_CHALLENGE\ApduTest.GET_CHALLENGE.csproj", "{F3C3BC58-705E-4784-9AC3-F886E94780B7}"
EndProject
Project("{2150E333-8FDC-42A3-9474-1A3956D46DE8}") = "Reactive", "Reactive", "{2BAC7A3E-DEA9-4B34-A5C0-ED5AF613FC74}"
EndProject
Project("{9A19103F-16F7-4668-BE54-9A1E7A4F7556}") = "RxMonitorDeviceEvents", "Examples\Reactive\RxMonitorDeviceEvents\RxMonitorDeviceEvents.csproj", "{21EFA7D1-B5A9-4B39-ABEB-04136167FBA2}"
EndProject
Project("{9A19103F-16F7-4668-BE54-9A1E7A4F7556}") = "RxMonitorReaderEvents", "Examples\Reactive\RxMonitorReaderEvents\RxMonitorReaderEvents.csproj", "{8B7987A0-486F-4A4D-8488-BDECCB2F647D}"
EndProject
Project("{9A19103F-16F7-4668-BE54-9A1E7A4F7556}") = "PCSC.Tests", "Tests\PCSC.Tests\PCSC.Tests.csproj", "{8A6366D0-DD02-41DA-9E64-D902E0521385}"
EndProject
Project("{9A19103F-16F7-4668-BE54-9A1E7A4F7556}") = "PCSC.Iso7816.Tests", "Tests\PCSC.Iso7816.Tests\PCSC.Iso7816.Tests.csproj", "{EFDDE824-1E88-47D9-A5C5-25C02811F34C}"
EndProject
Project("{9A19103F-16F7-4668-BE54-9A1E7A4F7556}") = "PCSC.Reactive.Tests", "Tests\PCSC.Reactive.Tests\PCSC.Reactive.Tests.csproj", "{DD42DDFD-4222-4351-B394-02A31A629821}"
EndProject
Global
	GlobalSection(SolutionConfigurationPlatforms) = preSolution
		Debug|Any CPU = Debug|Any CPU
		Release|Any CPU = Release|Any CPU
	EndGlobalSection
	GlobalSection(ProjectConfigurationPlatforms) = postSolution
		{D0BC6275-C71B-4987-A28D-F9E9BDA861E7}.Debug|Any CPU.ActiveCfg = Debug|Any CPU
		{D0BC6275-C71B-4987-A28D-F9E9BDA861E7}.Debug|Any CPU.Build.0 = Debug|Any CPU
		{D0BC6275-C71B-4987-A28D-F9E9BDA861E7}.Release|Any CPU.ActiveCfg = Release|Any CPU
		{D0BC6275-C71B-4987-A28D-F9E9BDA861E7}.Release|Any CPU.Build.0 = Release|Any CPU
		{E7386160-84F7-4C8B-B7B4-26D4C5183CBB}.Debug|Any CPU.ActiveCfg = Debug|Any CPU
		{E7386160-84F7-4C8B-B7B4-26D4C5183CBB}.Debug|Any CPU.Build.0 = Debug|Any CPU
		{E7386160-84F7-4C8B-B7B4-26D4C5183CBB}.Release|Any CPU.ActiveCfg = Release|Any CPU
		{E7386160-84F7-4C8B-B7B4-26D4C5183CBB}.Release|Any CPU.Build.0 = Release|Any CPU
		{2A3A97C8-8EA0-4F31-8F28-4C97B912BD58}.Debug|Any CPU.ActiveCfg = Debug|Any CPU
		{2A3A97C8-8EA0-4F31-8F28-4C97B912BD58}.Debug|Any CPU.Build.0 = Debug|Any CPU
		{2A3A97C8-8EA0-4F31-8F28-4C97B912BD58}.Release|Any CPU.ActiveCfg = Release|Any CPU
		{2A3A97C8-8EA0-4F31-8F28-4C97B912BD58}.Release|Any CPU.Build.0 = Release|Any CPU
		{EDDC4555-68B5-42EA-B7BD-96A752E0B3AC}.Debug|Any CPU.ActiveCfg = Debug|Any CPU
		{EDDC4555-68B5-42EA-B7BD-96A752E0B3AC}.Debug|Any CPU.Build.0 = Debug|Any CPU
		{EDDC4555-68B5-42EA-B7BD-96A752E0B3AC}.Release|Any CPU.ActiveCfg = Release|Any CPU
		{EDDC4555-68B5-42EA-B7BD-96A752E0B3AC}.Release|Any CPU.Build.0 = Release|Any CPU
		{E09639D8-EB1D-4400-A1B4-33D5FDF61327}.Debug|Any CPU.ActiveCfg = Debug|Any CPU
		{E09639D8-EB1D-4400-A1B4-33D5FDF61327}.Debug|Any CPU.Build.0 = Debug|Any CPU
		{E09639D8-EB1D-4400-A1B4-33D5FDF61327}.Release|Any CPU.ActiveCfg = Release|Any CPU
		{E09639D8-EB1D-4400-A1B4-33D5FDF61327}.Release|Any CPU.Build.0 = Release|Any CPU
		{53AAF4C6-0079-47B3-98A7-A8B936144771}.Debug|Any CPU.ActiveCfg = Debug|Any CPU
		{53AAF4C6-0079-47B3-98A7-A8B936144771}.Debug|Any CPU.Build.0 = Debug|Any CPU
		{53AAF4C6-0079-47B3-98A7-A8B936144771}.Release|Any CPU.ActiveCfg = Release|Any CPU
		{53AAF4C6-0079-47B3-98A7-A8B936144771}.Release|Any CPU.Build.0 = Release|Any CPU
		{D177555F-1D79-4A8D-B22B-38D5DBC501C1}.Debug|Any CPU.ActiveCfg = Debug|Any CPU
		{D177555F-1D79-4A8D-B22B-38D5DBC501C1}.Debug|Any CPU.Build.0 = Debug|Any CPU
		{D177555F-1D79-4A8D-B22B-38D5DBC501C1}.Release|Any CPU.ActiveCfg = Release|Any CPU
		{D177555F-1D79-4A8D-B22B-38D5DBC501C1}.Release|Any CPU.Build.0 = Release|Any CPU
		{C0BA8892-312B-4D1A-9295-A7E5E75EFB64}.Debug|Any CPU.ActiveCfg = Debug|Any CPU
		{C0BA8892-312B-4D1A-9295-A7E5E75EFB64}.Debug|Any CPU.Build.0 = Debug|Any CPU
		{C0BA8892-312B-4D1A-9295-A7E5E75EFB64}.Release|Any CPU.ActiveCfg = Release|Any CPU
		{C0BA8892-312B-4D1A-9295-A7E5E75EFB64}.Release|Any CPU.Build.0 = Release|Any CPU
		{1D278DF1-838E-4A88-8968-3E261F26E2CA}.Debug|Any CPU.ActiveCfg = Debug|Any CPU
		{1D278DF1-838E-4A88-8968-3E261F26E2CA}.Debug|Any CPU.Build.0 = Debug|Any CPU
		{1D278DF1-838E-4A88-8968-3E261F26E2CA}.Release|Any CPU.ActiveCfg = Release|Any CPU
		{1D278DF1-838E-4A88-8968-3E261F26E2CA}.Release|Any CPU.Build.0 = Release|Any CPU
		{083E18E3-B011-4345-B514-55B3660F3613}.Debug|Any CPU.ActiveCfg = Debug|Any CPU
		{083E18E3-B011-4345-B514-55B3660F3613}.Debug|Any CPU.Build.0 = Debug|Any CPU
		{083E18E3-B011-4345-B514-55B3660F3613}.Release|Any CPU.ActiveCfg = Release|Any CPU
		{083E18E3-B011-4345-B514-55B3660F3613}.Release|Any CPU.Build.0 = Release|Any CPU
		{EDA5E7D3-40EF-42A8-BCA5-F74050B4A16F}.Debug|Any CPU.ActiveCfg = Debug|Any CPU
		{EDA5E7D3-40EF-42A8-BCA5-F74050B4A16F}.Debug|Any CPU.Build.0 = Debug|Any CPU
		{EDA5E7D3-40EF-42A8-BCA5-F74050B4A16F}.Release|Any CPU.ActiveCfg = Release|Any CPU
		{EDA5E7D3-40EF-42A8-BCA5-F74050B4A16F}.Release|Any CPU.Build.0 = Release|Any CPU
		{2ED150F0-69B0-4919-B818-A2949A946070}.Debug|Any CPU.ActiveCfg = Debug|Any CPU
		{2ED150F0-69B0-4919-B818-A2949A946070}.Debug|Any CPU.Build.0 = Debug|Any CPU
		{2ED150F0-69B0-4919-B818-A2949A946070}.Release|Any CPU.ActiveCfg = Release|Any CPU
		{2ED150F0-69B0-4919-B818-A2949A946070}.Release|Any CPU.Build.0 = Release|Any CPU
		{966282DC-70B4-45F5-8FF7-41C49B768C28}.Debug|Any CPU.ActiveCfg = Debug|Any CPU
		{966282DC-70B4-45F5-8FF7-41C49B768C28}.Debug|Any CPU.Build.0 = Debug|Any CPU
		{966282DC-70B4-45F5-8FF7-41C49B768C28}.Release|Any CPU.ActiveCfg = Release|Any CPU
		{966282DC-70B4-45F5-8FF7-41C49B768C28}.Release|Any CPU.Build.0 = Release|Any CPU
		{F3C3BC58-705E-4784-9AC3-F886E94780B7}.Debug|Any CPU.ActiveCfg = Debug|Any CPU
		{F3C3BC58-705E-4784-9AC3-F886E94780B7}.Debug|Any CPU.Build.0 = Debug|Any CPU
		{F3C3BC58-705E-4784-9AC3-F886E94780B7}.Release|Any CPU.ActiveCfg = Release|Any CPU
		{F3C3BC58-705E-4784-9AC3-F886E94780B7}.Release|Any CPU.Build.0 = Release|Any CPU
		{21EFA7D1-B5A9-4B39-ABEB-04136167FBA2}.Debug|Any CPU.ActiveCfg = Debug|Any CPU
		{21EFA7D1-B5A9-4B39-ABEB-04136167FBA2}.Debug|Any CPU.Build.0 = Debug|Any CPU
		{21EFA7D1-B5A9-4B39-ABEB-04136167FBA2}.Release|Any CPU.ActiveCfg = Release|Any CPU
		{21EFA7D1-B5A9-4B39-ABEB-04136167FBA2}.Release|Any CPU.Build.0 = Release|Any CPU
		{8B7987A0-486F-4A4D-8488-BDECCB2F647D}.Debug|Any CPU.ActiveCfg = Debug|Any CPU
		{8B7987A0-486F-4A4D-8488-BDECCB2F647D}.Debug|Any CPU.Build.0 = Debug|Any CPU
		{8B7987A0-486F-4A4D-8488-BDECCB2F647D}.Release|Any CPU.ActiveCfg = Release|Any CPU
		{8B7987A0-486F-4A4D-8488-BDECCB2F647D}.Release|Any CPU.Build.0 = Release|Any CPU
		{8A6366D0-DD02-41DA-9E64-D902E0521385}.Debug|Any CPU.ActiveCfg = Debug|Any CPU
		{8A6366D0-DD02-41DA-9E64-D902E0521385}.Debug|Any CPU.Build.0 = Debug|Any CPU
		{8A6366D0-DD02-41DA-9E64-D902E0521385}.Release|Any CPU.ActiveCfg = Release|Any CPU
		{8A6366D0-DD02-41DA-9E64-D902E0521385}.Release|Any CPU.Build.0 = Release|Any CPU
		{EFDDE824-1E88-47D9-A5C5-25C02811F34C}.Debug|Any CPU.ActiveCfg = Debug|Any CPU
		{EFDDE824-1E88-47D9-A5C5-25C02811F34C}.Debug|Any CPU.Build.0 = Debug|Any CPU
		{EFDDE824-1E88-47D9-A5C5-25C02811F34C}.Release|Any CPU.ActiveCfg = Release|Any CPU
		{EFDDE824-1E88-47D9-A5C5-25C02811F34C}.Release|Any CPU.Build.0 = Release|Any CPU
		{DD42DDFD-4222-4351-B394-02A31A629821}.Debug|Any CPU.ActiveCfg = Debug|Any CPU
		{DD42DDFD-4222-4351-B394-02A31A629821}.Debug|Any CPU.Build.0 = Debug|Any CPU
		{DD42DDFD-4222-4351-B394-02A31A629821}.Release|Any CPU.ActiveCfg = Release|Any CPU
		{DD42DDFD-4222-4351-B394-02A31A629821}.Release|Any CPU.Build.0 = Release|Any CPU
	EndGlobalSection
	GlobalSection(SolutionProperties) = preSolution
		HideSolutionNode = FALSE
	EndGlobalSection
	GlobalSection(NestedProjects) = preSolution
		{EDDC4555-68B5-42EA-B7BD-96A752E0B3AC} = {6BF4E324-5AC6-49E6-9447-81C138441ED5}
		{E09639D8-EB1D-4400-A1B4-33D5FDF61327} = {6BF4E324-5AC6-49E6-9447-81C138441ED5}
		{53AAF4C6-0079-47B3-98A7-A8B936144771} = {6BF4E324-5AC6-49E6-9447-81C138441ED5}
		{D177555F-1D79-4A8D-B22B-38D5DBC501C1} = {6BF4E324-5AC6-49E6-9447-81C138441ED5}
		{C0BA8892-312B-4D1A-9295-A7E5E75EFB64} = {6BF4E324-5AC6-49E6-9447-81C138441ED5}
		{1D278DF1-838E-4A88-8968-3E261F26E2CA} = {6BF4E324-5AC6-49E6-9447-81C138441ED5}
		{083E18E3-B011-4345-B514-55B3660F3613} = {6BF4E324-5AC6-49E6-9447-81C138441ED5}
		{EDA5E7D3-40EF-42A8-BCA5-F74050B4A16F} = {6BF4E324-5AC6-49E6-9447-81C138441ED5}
		{4D886F03-68C7-4F61-98EC-7ABD4CECCC92} = {6BF4E324-5AC6-49E6-9447-81C138441ED5}
		{2ED150F0-69B0-4919-B818-A2949A946070} = {4D886F03-68C7-4F61-98EC-7ABD4CECCC92}
		{966282DC-70B4-45F5-8FF7-41C49B768C28} = {4D886F03-68C7-4F61-98EC-7ABD4CECCC92}
		{F3C3BC58-705E-4784-9AC3-F886E94780B7} = {4D886F03-68C7-4F61-98EC-7ABD4CECCC92}
		{2BAC7A3E-DEA9-4B34-A5C0-ED5AF613FC74} = {6BF4E324-5AC6-49E6-9447-81C138441ED5}
		{21EFA7D1-B5A9-4B39-ABEB-04136167FBA2} = {2BAC7A3E-DEA9-4B34-A5C0-ED5AF613FC74}
		{8B7987A0-486F-4A4D-8488-BDECCB2F647D} = {2BAC7A3E-DEA9-4B34-A5C0-ED5AF613FC74}
		{8A6366D0-DD02-41DA-9E64-D902E0521385} = {D3253E47-228E-4C58-930E-A26849AEC371}
		{EFDDE824-1E88-47D9-A5C5-25C02811F34C} = {D3253E47-228E-4C58-930E-A26849AEC371}
		{DD42DDFD-4222-4351-B394-02A31A629821} = {D3253E47-228E-4C58-930E-A26849AEC371}
	EndGlobalSection
	GlobalSection(ExtensibilityGlobals) = postSolution
		SolutionGuid = {4ED2E311-686A-4CB1-8271-68EBBD5FDB8E}
	EndGlobalSection
EndGlobal
