
Microsoft Visual Studio Solution File, Format Version 12.00
# Visual Studio 14
VisualStudioVersion = 14.0.25420.1
MinimumVisualStudioVersion = 10.0.40219.1
Project("{FAE04EC0-301F-11D3-BF4B-00C04F79EFBC}") = "pcsc-sharp", "pcsc-sharp\pcsc-sharp.csproj", "{459E0FB4-AF42-4123-9923-7EA68CA01B09}"
EndProject
Project("{2150E333-8FDC-42A3-9474-1A3956D46DE8}") = "Examples", "Examples", "{15E67B9D-5F21-4F82-8741-B067F1C7C9A3}"
EndProject
Project("{2150E333-8FDC-42A3-9474-1A3956D46DE8}") = "Tests", "Tests", "{D3253E47-228E-4C58-930E-A26849AEC371}"
EndProject
Project("{FAE04EC0-301F-11D3-BF4B-00C04F79EFBC}") = "CardStatus", "Examples\CardStatus\CardStatus.csproj", "{62DD4F80-260D-40C6-ABF1-749FB8F5B794}"
EndProject
Project("{FAE04EC0-301F-11D3-BF4B-00C04F79EFBC}") = "GetReaderAttrib", "Examples\GetReaderAttrib\GetReaderAttrib.csproj", "{D2A40F06-6711-4A9A-B123-5C4AFF19DFB4}"
EndProject
Project("{FAE04EC0-301F-11D3-BF4B-00C04F79EFBC}") = "ListReaders", "Examples\ListReaders\ListReaders.csproj", "{5C176A2A-4EB5-48D3-B4FD-197A2BD10BE6}"
EndProject
Project("{FAE04EC0-301F-11D3-BF4B-00C04F79EFBC}") = "Mifare1kTest", "Examples\Mifare1kTest\Mifare1kTest.csproj", "{18FCF9AD-3AC3-4BCA-879F-183B94D56170}"
EndProject
Project("{FAE04EC0-301F-11D3-BF4B-00C04F79EFBC}") = "MonitorReaderEvents", "Examples\MonitorReaderEvents\MonitorReaderEvents.csproj", "{3A1B423D-0E68-4C15-83AA-D66AE0B1E33F}"
EndProject
Project("{FAE04EC0-301F-11D3-BF4B-00C04F79EFBC}") = "ReaderStatus", "Examples\ReaderStatus\ReaderStatus.csproj", "{1D4A94A9-7BBE-43DC-90EC-DB4ECE12AB3F}"
EndProject
Project("{FAE04EC0-301F-11D3-BF4B-00C04F79EFBC}") = "Transmit", "Examples\Transmit\Transmit.csproj", "{DC41AEFB-B51B-4939-96D7-244F751BB937}"
EndProject
Project("{2150E333-8FDC-42A3-9474-1A3956D46DE8}") = "ISO7816-4", "ISO7816-4", "{0D1324BD-4BE9-41C0-820F-9E1ABE354D00}"
EndProject
Project("{FAE04EC0-301F-11D3-BF4B-00C04F79EFBC}") = "ApduTest.GET_CHALLENGE", "Examples\ISO7816-4\ApduTest.GET_CHALLENGE\ApduTest.GET_CHALLENGE.csproj", "{656702E2-3621-428B-AE93-6CC508E5E701}"
EndProject
Project("{FAE04EC0-301F-11D3-BF4B-00C04F79EFBC}") = "pcsc-sharp-rx", "pcsc-sharp-rx\pcsc-sharp-rx.csproj", "{9A5B987D-DB36-4F8A-A62E-642DEEF51F7D}"
EndProject
Project("{2150E333-8FDC-42A3-9474-1A3956D46DE8}") = "AssemblyInfo", "AssemblyInfo", "{0F5DDDB2-D8CF-4F4B-AE9A-E8491C5DF35D}"
	ProjectSection(SolutionItems) = preProject
		AssemblyInfo\Common.AssemblyInfo.cs = AssemblyInfo\Common.AssemblyInfo.cs
	EndProjectSection
EndProject
Project("{2150E333-8FDC-42A3-9474-1A3956D46DE8}") = "Reactive", "Reactive", "{5CC8F301-1496-4255-9AE2-1B734C9E9571}"
EndProject
Project("{FAE04EC0-301F-11D3-BF4B-00C04F79EFBC}") = "RxEventsTest", "Examples\Reactive\RxEventsTest\RxEventsTest.csproj", "{8209EDFD-FA5F-4016-861E-35E3F4928DDF}"
EndProject
Project("{FAE04EC0-301F-11D3-BF4B-00C04F79EFBC}") = "RxEventsTestWpf", "Examples\Reactive\RxEventsTestWpf\RxEventsTestWpf.csproj", "{CA1903C2-A86A-4181-A900-D9B8AA733353}"
EndProject
Project("{FAE04EC0-301F-11D3-BF4B-00C04F79EFBC}") = "ListReaderEventsNative", "Examples\ListReaderEventsNative\ListReaderEventsNative.csproj", "{91F9C99E-CB50-4128-ACEF-B22B743BABBA}"
EndProject
Project("{FAE04EC0-301F-11D3-BF4B-00C04F79EFBC}") = "ListReaderEvents", "Examples\ListReaderEvents\ListReaderEvents.csproj", "{7DDF4224-5212-45C4-A04E-2E4568A241DC}"
EndProject
Project("{FAE04EC0-301F-11D3-BF4B-00C04F79EFBC}") = "pcsc-sharp-rx.Tests", "Tests\pcsc-sharp-rx.Tests\pcsc-sharp-rx.Tests.csproj", "{CBCFD4A6-694B-4089-8B0F-2C158214BE02}"
EndProject
Project("{FAE04EC0-301F-11D3-BF4B-00C04F79EFBC}") = "pcsc-sharp.Tests", "Tests\pcsc-sharp.Tests\pcsc-sharp.Tests.csproj", "{F39FC685-9FB2-490D-9DDD-AE64379D7545}"
EndProject
Project("{FAE04EC0-301F-11D3-BF4B-00C04F79EFBC}") = "RxDeviceEventsTests", "Examples\Reactive\RxDeviceEventsTests\RxDeviceEventsTests.csproj", "{D611B7BA-35A2-4B06-AA77-25762B1DBAFF}"
EndProject
Project("{2150E333-8FDC-42A3-9474-1A3956D46DE8}") = "Solution Items", "Solution Items", "{CB59DC8C-5A87-4E74-B1E2-AE89E9D3B1FD}"
	ProjectSection(SolutionItems) = preProject
		README.md = README.md
	EndProjectSection
EndProject
Global
	GlobalSection(SolutionConfigurationPlatforms) = preSolution
		Debug|Any CPU = Debug|Any CPU
		Release|Any CPU = Release|Any CPU
	EndGlobalSection
	GlobalSection(ProjectConfigurationPlatforms) = postSolution
		{459E0FB4-AF42-4123-9923-7EA68CA01B09}.Debug|Any CPU.ActiveCfg = Debug|Any CPU
		{459E0FB4-AF42-4123-9923-7EA68CA01B09}.Debug|Any CPU.Build.0 = Debug|Any CPU
		{459E0FB4-AF42-4123-9923-7EA68CA01B09}.Release|Any CPU.ActiveCfg = Release|Any CPU
		{459E0FB4-AF42-4123-9923-7EA68CA01B09}.Release|Any CPU.Build.0 = Release|Any CPU
		{62DD4F80-260D-40C6-ABF1-749FB8F5B794}.Debug|Any CPU.ActiveCfg = Debug|Any CPU
		{62DD4F80-260D-40C6-ABF1-749FB8F5B794}.Debug|Any CPU.Build.0 = Debug|Any CPU
		{62DD4F80-260D-40C6-ABF1-749FB8F5B794}.Release|Any CPU.ActiveCfg = Release|Any CPU
		{62DD4F80-260D-40C6-ABF1-749FB8F5B794}.Release|Any CPU.Build.0 = Release|Any CPU
		{D2A40F06-6711-4A9A-B123-5C4AFF19DFB4}.Debug|Any CPU.ActiveCfg = Debug|Any CPU
		{D2A40F06-6711-4A9A-B123-5C4AFF19DFB4}.Debug|Any CPU.Build.0 = Debug|Any CPU
		{D2A40F06-6711-4A9A-B123-5C4AFF19DFB4}.Release|Any CPU.ActiveCfg = Release|Any CPU
		{D2A40F06-6711-4A9A-B123-5C4AFF19DFB4}.Release|Any CPU.Build.0 = Release|Any CPU
		{5C176A2A-4EB5-48D3-B4FD-197A2BD10BE6}.Debug|Any CPU.ActiveCfg = Debug|Any CPU
		{5C176A2A-4EB5-48D3-B4FD-197A2BD10BE6}.Debug|Any CPU.Build.0 = Debug|Any CPU
		{5C176A2A-4EB5-48D3-B4FD-197A2BD10BE6}.Release|Any CPU.ActiveCfg = Release|Any CPU
		{5C176A2A-4EB5-48D3-B4FD-197A2BD10BE6}.Release|Any CPU.Build.0 = Release|Any CPU
		{18FCF9AD-3AC3-4BCA-879F-183B94D56170}.Debug|Any CPU.ActiveCfg = Debug|Any CPU
		{18FCF9AD-3AC3-4BCA-879F-183B94D56170}.Debug|Any CPU.Build.0 = Debug|Any CPU
		{18FCF9AD-3AC3-4BCA-879F-183B94D56170}.Release|Any CPU.ActiveCfg = Release|Any CPU
		{18FCF9AD-3AC3-4BCA-879F-183B94D56170}.Release|Any CPU.Build.0 = Release|Any CPU
		{3A1B423D-0E68-4C15-83AA-D66AE0B1E33F}.Debug|Any CPU.ActiveCfg = Debug|Any CPU
		{3A1B423D-0E68-4C15-83AA-D66AE0B1E33F}.Debug|Any CPU.Build.0 = Debug|Any CPU
		{3A1B423D-0E68-4C15-83AA-D66AE0B1E33F}.Release|Any CPU.ActiveCfg = Release|Any CPU
		{3A1B423D-0E68-4C15-83AA-D66AE0B1E33F}.Release|Any CPU.Build.0 = Release|Any CPU
		{1D4A94A9-7BBE-43DC-90EC-DB4ECE12AB3F}.Debug|Any CPU.ActiveCfg = Debug|Any CPU
		{1D4A94A9-7BBE-43DC-90EC-DB4ECE12AB3F}.Debug|Any CPU.Build.0 = Debug|Any CPU
		{1D4A94A9-7BBE-43DC-90EC-DB4ECE12AB3F}.Release|Any CPU.ActiveCfg = Release|Any CPU
		{1D4A94A9-7BBE-43DC-90EC-DB4ECE12AB3F}.Release|Any CPU.Build.0 = Release|Any CPU
		{DC41AEFB-B51B-4939-96D7-244F751BB937}.Debug|Any CPU.ActiveCfg = Debug|Any CPU
		{DC41AEFB-B51B-4939-96D7-244F751BB937}.Debug|Any CPU.Build.0 = Debug|Any CPU
		{DC41AEFB-B51B-4939-96D7-244F751BB937}.Release|Any CPU.ActiveCfg = Release|Any CPU
		{DC41AEFB-B51B-4939-96D7-244F751BB937}.Release|Any CPU.Build.0 = Release|Any CPU
		{656702E2-3621-428B-AE93-6CC508E5E701}.Debug|Any CPU.ActiveCfg = Debug|Any CPU
		{656702E2-3621-428B-AE93-6CC508E5E701}.Debug|Any CPU.Build.0 = Debug|Any CPU
		{656702E2-3621-428B-AE93-6CC508E5E701}.Release|Any CPU.ActiveCfg = Release|Any CPU
		{656702E2-3621-428B-AE93-6CC508E5E701}.Release|Any CPU.Build.0 = Release|Any CPU
		{9A5B987D-DB36-4F8A-A62E-642DEEF51F7D}.Debug|Any CPU.ActiveCfg = Debug|Any CPU
		{9A5B987D-DB36-4F8A-A62E-642DEEF51F7D}.Debug|Any CPU.Build.0 = Debug|Any CPU
		{9A5B987D-DB36-4F8A-A62E-642DEEF51F7D}.Release|Any CPU.ActiveCfg = Release|Any CPU
		{9A5B987D-DB36-4F8A-A62E-642DEEF51F7D}.Release|Any CPU.Build.0 = Release|Any CPU
		{8209EDFD-FA5F-4016-861E-35E3F4928DDF}.Debug|Any CPU.ActiveCfg = Debug|Any CPU
		{8209EDFD-FA5F-4016-861E-35E3F4928DDF}.Debug|Any CPU.Build.0 = Debug|Any CPU
		{8209EDFD-FA5F-4016-861E-35E3F4928DDF}.Release|Any CPU.ActiveCfg = Release|Any CPU
		{8209EDFD-FA5F-4016-861E-35E3F4928DDF}.Release|Any CPU.Build.0 = Release|Any CPU
		{CA1903C2-A86A-4181-A900-D9B8AA733353}.Debug|Any CPU.ActiveCfg = Debug|Any CPU
		{CA1903C2-A86A-4181-A900-D9B8AA733353}.Debug|Any CPU.Build.0 = Debug|Any CPU
		{CA1903C2-A86A-4181-A900-D9B8AA733353}.Release|Any CPU.ActiveCfg = Release|Any CPU
		{CA1903C2-A86A-4181-A900-D9B8AA733353}.Release|Any CPU.Build.0 = Release|Any CPU
		{91F9C99E-CB50-4128-ACEF-B22B743BABBA}.Debug|Any CPU.ActiveCfg = Debug|Any CPU
		{91F9C99E-CB50-4128-ACEF-B22B743BABBA}.Debug|Any CPU.Build.0 = Debug|Any CPU
		{91F9C99E-CB50-4128-ACEF-B22B743BABBA}.Release|Any CPU.ActiveCfg = Release|Any CPU
		{91F9C99E-CB50-4128-ACEF-B22B743BABBA}.Release|Any CPU.Build.0 = Release|Any CPU
		{7DDF4224-5212-45C4-A04E-2E4568A241DC}.Debug|Any CPU.ActiveCfg = Debug|Any CPU
		{7DDF4224-5212-45C4-A04E-2E4568A241DC}.Debug|Any CPU.Build.0 = Debug|Any CPU
		{7DDF4224-5212-45C4-A04E-2E4568A241DC}.Release|Any CPU.ActiveCfg = Release|Any CPU
		{7DDF4224-5212-45C4-A04E-2E4568A241DC}.Release|Any CPU.Build.0 = Release|Any CPU
		{CBCFD4A6-694B-4089-8B0F-2C158214BE02}.Debug|Any CPU.ActiveCfg = Debug|Any CPU
		{CBCFD4A6-694B-4089-8B0F-2C158214BE02}.Debug|Any CPU.Build.0 = Debug|Any CPU
		{CBCFD4A6-694B-4089-8B0F-2C158214BE02}.Release|Any CPU.ActiveCfg = Release|Any CPU
		{CBCFD4A6-694B-4089-8B0F-2C158214BE02}.Release|Any CPU.Build.0 = Release|Any CPU
		{F39FC685-9FB2-490D-9DDD-AE64379D7545}.Debug|Any CPU.ActiveCfg = Debug|Any CPU
		{F39FC685-9FB2-490D-9DDD-AE64379D7545}.Debug|Any CPU.Build.0 = Debug|Any CPU
		{F39FC685-9FB2-490D-9DDD-AE64379D7545}.Release|Any CPU.ActiveCfg = Release|Any CPU
		{F39FC685-9FB2-490D-9DDD-AE64379D7545}.Release|Any CPU.Build.0 = Release|Any CPU
		{D611B7BA-35A2-4B06-AA77-25762B1DBAFF}.Debug|Any CPU.ActiveCfg = Debug|Any CPU
		{D611B7BA-35A2-4B06-AA77-25762B1DBAFF}.Debug|Any CPU.Build.0 = Debug|Any CPU
		{D611B7BA-35A2-4B06-AA77-25762B1DBAFF}.Release|Any CPU.ActiveCfg = Release|Any CPU
		{D611B7BA-35A2-4B06-AA77-25762B1DBAFF}.Release|Any CPU.Build.0 = Release|Any CPU
	EndGlobalSection
	GlobalSection(SolutionProperties) = preSolution
		HideSolutionNode = FALSE
	EndGlobalSection
	GlobalSection(NestedProjects) = preSolution
		{62DD4F80-260D-40C6-ABF1-749FB8F5B794} = {15E67B9D-5F21-4F82-8741-B067F1C7C9A3}
		{D2A40F06-6711-4A9A-B123-5C4AFF19DFB4} = {15E67B9D-5F21-4F82-8741-B067F1C7C9A3}
		{5C176A2A-4EB5-48D3-B4FD-197A2BD10BE6} = {15E67B9D-5F21-4F82-8741-B067F1C7C9A3}
		{18FCF9AD-3AC3-4BCA-879F-183B94D56170} = {15E67B9D-5F21-4F82-8741-B067F1C7C9A3}
		{3A1B423D-0E68-4C15-83AA-D66AE0B1E33F} = {15E67B9D-5F21-4F82-8741-B067F1C7C9A3}
		{1D4A94A9-7BBE-43DC-90EC-DB4ECE12AB3F} = {15E67B9D-5F21-4F82-8741-B067F1C7C9A3}
		{DC41AEFB-B51B-4939-96D7-244F751BB937} = {15E67B9D-5F21-4F82-8741-B067F1C7C9A3}
		{0D1324BD-4BE9-41C0-820F-9E1ABE354D00} = {15E67B9D-5F21-4F82-8741-B067F1C7C9A3}
		{656702E2-3621-428B-AE93-6CC508E5E701} = {0D1324BD-4BE9-41C0-820F-9E1ABE354D00}
		{5CC8F301-1496-4255-9AE2-1B734C9E9571} = {15E67B9D-5F21-4F82-8741-B067F1C7C9A3}
		{8209EDFD-FA5F-4016-861E-35E3F4928DDF} = {5CC8F301-1496-4255-9AE2-1B734C9E9571}
		{CA1903C2-A86A-4181-A900-D9B8AA733353} = {5CC8F301-1496-4255-9AE2-1B734C9E9571}
		{91F9C99E-CB50-4128-ACEF-B22B743BABBA} = {15E67B9D-5F21-4F82-8741-B067F1C7C9A3}
		{7DDF4224-5212-45C4-A04E-2E4568A241DC} = {15E67B9D-5F21-4F82-8741-B067F1C7C9A3}
		{CBCFD4A6-694B-4089-8B0F-2C158214BE02} = {D3253E47-228E-4C58-930E-A26849AEC371}
		{F39FC685-9FB2-490D-9DDD-AE64379D7545} = {D3253E47-228E-4C58-930E-A26849AEC371}
		{D611B7BA-35A2-4B06-AA77-25762B1DBAFF} = {5CC8F301-1496-4255-9AE2-1B734C9E9571}
	EndGlobalSection
EndGlobal
